
Microsoft Visual Studio Solution File, Format Version 11.00
# Visual Studio 2010
Project("{FAE04EC0-301F-11D3-BF4B-00C04F79EFBC}") = "Monitor.Web", "Monitor.Web\Monitor.Web.csproj", "{A8DEA277-AAFA-4E1E-A043-17C03472B3E4}"
EndProject
Project("{FAE04EC0-301F-11D3-BF4B-00C04F79EFBC}") = "Agent.Console", "Agent.Console\Agent.Console.csproj", "{8A4C0279-DF94-4DC5-B387-7E3F1171F812}"
EndProject
Project("{FAE04EC0-301F-11D3-BF4B-00C04F79EFBC}") = "Common", "Common\Common.csproj", "{934F2D76-0D1D-4E96-8DD2-67690DCCBC8C}"
EndProject
Project("{FAE04EC0-301F-11D3-BF4B-00C04F79EFBC}") = "Agent.Core", "Agent.Core\Agent.Core.csproj", "{3D2B39FE-4E97-4261-85FA-FD4020F32C18}"
EndProject
Project("{2150E333-8FDC-42A3-9474-1A3956D46DE8}") = "Agents", "Agents", "{C69FDA20-2C11-4B0C-B062-87647DCD469F}"
EndProject
Project("{2150E333-8FDC-42A3-9474-1A3956D46DE8}") = "Monitors", "Monitors", "{94BD8C5E-6EE9-4444-969C-9EFA2FF0CF3C}"
EndProject
Project("{FAE04EC0-301F-11D3-BF4B-00C04F79EFBC}") = "Agent.Service", "Agent.Service\Agent.Service.csproj", "{E3953B37-DF1E-4BE2-AE69-8B560E5D82F7}"
EndProject
Project("{2150E333-8FDC-42A3-9474-1A3956D46DE8}") = "Solution Items", "Solution Items", "{E1150DF6-B14E-416D-A54B-9142CF357D84}"
	ProjectSection(SolutionItems) = preProject
		GlobalAssemblyInfo.cs = GlobalAssemblyInfo.cs
	EndProjectSection
EndProject
Project("{2150E333-8FDC-42A3-9474-1A3956D46DE8}") = ".nuget", ".nuget", "{7E380953-20C1-4929-AB80-EFEA4545C325}"
	ProjectSection(SolutionItems) = preProject
		.nuget\NuGet.Config = .nuget\NuGet.Config
		.nuget\NuGet.exe = .nuget\NuGet.exe
		.nuget\NuGet.targets = .nuget\NuGet.targets
	EndProjectSection
EndProject
Project("{2150E333-8FDC-42A3-9474-1A3956D46DE8}") = "Tests", "Tests", "{02D2068B-239C-425C-B30A-20F0A15FF678}"
EndProject
Project("{FAE04EC0-301F-11D3-BF4B-00C04F79EFBC}") = "Agent.Core.Tests", "Agent.Core.Tests\Agent.Core.Tests.csproj", "{182DA3DB-E551-4A18-9485-9DED8E748AE2}"
EndProject
Project("{FAE04EC0-301F-11D3-BF4B-00C04F79EFBC}") = "Common.Tests", "Common.Tests\Common.Tests.csproj", "{BB62EEE5-B598-4119-B9C0-FD961A95A393}"
EndProject
Project("{FAE04EC0-301F-11D3-BF4B-00C04F79EFBC}") = "Agent.Console.Tests", "Agent.Console.Tests\Agent.Console.Tests.csproj", "{89733172-7C63-4637-A7BA-A29E6C4340A4}"
EndProject
Project("{FAE04EC0-301F-11D3-BF4B-00C04F79EFBC}") = "Agent.Service.Tests", "Agent.Service.Tests\Agent.Service.Tests.csproj", "{9CEC7B4B-563C-4516-A2F6-C14C699F2743}"
EndProject
Global
	GlobalSection(SolutionConfigurationPlatforms) = preSolution
		Debug|Any CPU = Debug|Any CPU
		Debug|Mixed Platforms = Debug|Mixed Platforms
		Release|Any CPU = Release|Any CPU
		Release|Mixed Platforms = Release|Mixed Platforms
	EndGlobalSection
	GlobalSection(ProjectConfigurationPlatforms) = postSolution
		{A8DEA277-AAFA-4E1E-A043-17C03472B3E4}.Debug|Any CPU.ActiveCfg = Debug|Any CPU
		{A8DEA277-AAFA-4E1E-A043-17C03472B3E4}.Debug|Any CPU.Build.0 = Debug|Any CPU
		{A8DEA277-AAFA-4E1E-A043-17C03472B3E4}.Debug|Mixed Platforms.ActiveCfg = Debug|Any CPU
		{A8DEA277-AAFA-4E1E-A043-17C03472B3E4}.Debug|Mixed Platforms.Build.0 = Debug|Any CPU
		{A8DEA277-AAFA-4E1E-A043-17C03472B3E4}.Release|Any CPU.ActiveCfg = Release|Any CPU
		{A8DEA277-AAFA-4E1E-A043-17C03472B3E4}.Release|Any CPU.Build.0 = Release|Any CPU
		{A8DEA277-AAFA-4E1E-A043-17C03472B3E4}.Release|Mixed Platforms.ActiveCfg = Release|Any CPU
		{A8DEA277-AAFA-4E1E-A043-17C03472B3E4}.Release|Mixed Platforms.Build.0 = Release|Any CPU
		{8A4C0279-DF94-4DC5-B387-7E3F1171F812}.Debug|Any CPU.ActiveCfg = Debug|x86
		{8A4C0279-DF94-4DC5-B387-7E3F1171F812}.Debug|Any CPU.Build.0 = Debug|x86
		{8A4C0279-DF94-4DC5-B387-7E3F1171F812}.Debug|Mixed Platforms.ActiveCfg = Debug|x86
		{8A4C0279-DF94-4DC5-B387-7E3F1171F812}.Debug|Mixed Platforms.Build.0 = Debug|x86
		{8A4C0279-DF94-4DC5-B387-7E3F1171F812}.Release|Any CPU.ActiveCfg = Release|x86
		{8A4C0279-DF94-4DC5-B387-7E3F1171F812}.Release|Any CPU.Build.0 = Release|x86
		{8A4C0279-DF94-4DC5-B387-7E3F1171F812}.Release|Mixed Platforms.ActiveCfg = Release|x86
		{8A4C0279-DF94-4DC5-B387-7E3F1171F812}.Release|Mixed Platforms.Build.0 = Release|x86
		{934F2D76-0D1D-4E96-8DD2-67690DCCBC8C}.Debug|Any CPU.ActiveCfg = Debug|Any CPU
		{934F2D76-0D1D-4E96-8DD2-67690DCCBC8C}.Debug|Any CPU.Build.0 = Debug|Any CPU
		{934F2D76-0D1D-4E96-8DD2-67690DCCBC8C}.Debug|Mixed Platforms.ActiveCfg = Debug|Any CPU
		{934F2D76-0D1D-4E96-8DD2-67690DCCBC8C}.Debug|Mixed Platforms.Build.0 = Debug|Any CPU
		{934F2D76-0D1D-4E96-8DD2-67690DCCBC8C}.Release|Any CPU.ActiveCfg = Release|Any CPU
		{934F2D76-0D1D-4E96-8DD2-67690DCCBC8C}.Release|Any CPU.Build.0 = Release|Any CPU
		{934F2D76-0D1D-4E96-8DD2-67690DCCBC8C}.Release|Mixed Platforms.ActiveCfg = Release|Any CPU
		{934F2D76-0D1D-4E96-8DD2-67690DCCBC8C}.Release|Mixed Platforms.Build.0 = Release|Any CPU
		{3D2B39FE-4E97-4261-85FA-FD4020F32C18}.Debug|Any CPU.ActiveCfg = Debug|Any CPU
		{3D2B39FE-4E97-4261-85FA-FD4020F32C18}.Debug|Any CPU.Build.0 = Debug|Any CPU
		{3D2B39FE-4E97-4261-85FA-FD4020F32C18}.Debug|Mixed Platforms.ActiveCfg = Debug|Any CPU
		{3D2B39FE-4E97-4261-85FA-FD4020F32C18}.Debug|Mixed Platforms.Build.0 = Debug|Any CPU
		{3D2B39FE-4E97-4261-85FA-FD4020F32C18}.Release|Any CPU.ActiveCfg = Release|Any CPU
		{3D2B39FE-4E97-4261-85FA-FD4020F32C18}.Release|Any CPU.Build.0 = Release|Any CPU
		{3D2B39FE-4E97-4261-85FA-FD4020F32C18}.Release|Mixed Platforms.ActiveCfg = Release|Any CPU
		{3D2B39FE-4E97-4261-85FA-FD4020F32C18}.Release|Mixed Platforms.Build.0 = Release|Any CPU
		{E3953B37-DF1E-4BE2-AE69-8B560E5D82F7}.Debug|Any CPU.ActiveCfg = Debug|x86
		{E3953B37-DF1E-4BE2-AE69-8B560E5D82F7}.Debug|Any CPU.Build.0 = Debug|x86
		{E3953B37-DF1E-4BE2-AE69-8B560E5D82F7}.Debug|Mixed Platforms.ActiveCfg = Debug|x86
		{E3953B37-DF1E-4BE2-AE69-8B560E5D82F7}.Debug|Mixed Platforms.Build.0 = Debug|x86
		{E3953B37-DF1E-4BE2-AE69-8B560E5D82F7}.Release|Any CPU.ActiveCfg = Release|x86
		{E3953B37-DF1E-4BE2-AE69-8B560E5D82F7}.Release|Any CPU.Build.0 = Release|x86
		{E3953B37-DF1E-4BE2-AE69-8B560E5D82F7}.Release|Mixed Platforms.ActiveCfg = Release|x86
		{E3953B37-DF1E-4BE2-AE69-8B560E5D82F7}.Release|Mixed Platforms.Build.0 = Release|x86
		{182DA3DB-E551-4A18-9485-9DED8E748AE2}.Debug|Any CPU.ActiveCfg = Debug|Any CPU
		{182DA3DB-E551-4A18-9485-9DED8E748AE2}.Debug|Any CPU.Build.0 = Debug|Any CPU
		{182DA3DB-E551-4A18-9485-9DED8E748AE2}.Debug|Mixed Platforms.ActiveCfg = Debug|Any CPU
		{182DA3DB-E551-4A18-9485-9DED8E748AE2}.Debug|Mixed Platforms.Build.0 = Debug|Any CPU
		{182DA3DB-E551-4A18-9485-9DED8E748AE2}.Release|Any CPU.ActiveCfg = Release|Any CPU
		{182DA3DB-E551-4A18-9485-9DED8E748AE2}.Release|Any CPU.Build.0 = Release|Any CPU
		{182DA3DB-E551-4A18-9485-9DED8E748AE2}.Release|Mixed Platforms.ActiveCfg = Release|Any CPU
		{182DA3DB-E551-4A18-9485-9DED8E748AE2}.Release|Mixed Platforms.Build.0 = Release|Any CPU
		{BB62EEE5-B598-4119-B9C0-FD961A95A393}.Debug|Any CPU.ActiveCfg = Debug|Any CPU
		{BB62EEE5-B598-4119-B9C0-FD961A95A393}.Debug|Any CPU.Build.0 = Debug|Any CPU
		{BB62EEE5-B598-4119-B9C0-FD961A95A393}.Debug|Mixed Platforms.ActiveCfg = Debug|Any CPU
		{BB62EEE5-B598-4119-B9C0-FD961A95A393}.Debug|Mixed Platforms.Build.0 = Debug|Any CPU
		{BB62EEE5-B598-4119-B9C0-FD961A95A393}.Release|Any CPU.ActiveCfg = Release|Any CPU
		{BB62EEE5-B598-4119-B9C0-FD961A95A393}.Release|Any CPU.Build.0 = Release|Any CPU
		{BB62EEE5-B598-4119-B9C0-FD961A95A393}.Release|Mixed Platforms.ActiveCfg = Release|Any CPU
		{BB62EEE5-B598-4119-B9C0-FD961A95A393}.Release|Mixed Platforms.Build.0 = Release|Any CPU
		{89733172-7C63-4637-A7BA-A29E6C4340A4}.Debug|Any CPU.ActiveCfg = Debug|Any CPU
		{89733172-7C63-4637-A7BA-A29E6C4340A4}.Debug|Any CPU.Build.0 = Debug|Any CPU
		{89733172-7C63-4637-A7BA-A29E6C4340A4}.Debug|Mixed Platforms.ActiveCfg = Debug|Any CPU
		{89733172-7C63-4637-A7BA-A29E6C4340A4}.Debug|Mixed Platforms.Build.0 = Debug|Any CPU
		{89733172-7C63-4637-A7BA-A29E6C4340A4}.Release|Any CPU.ActiveCfg = Release|Any CPU
		{89733172-7C63-4637-A7BA-A29E6C4340A4}.Release|Any CPU.Build.0 = Release|Any CPU
		{89733172-7C63-4637-A7BA-A29E6C4340A4}.Release|Mixed Platforms.ActiveCfg = Release|Any CPU
		{89733172-7C63-4637-A7BA-A29E6C4340A4}.Release|Mixed Platforms.Build.0 = Release|Any CPU
		{9CEC7B4B-563C-4516-A2F6-C14C699F2743}.Debug|Any CPU.ActiveCfg = Debug|Any CPU
		{9CEC7B4B-563C-4516-A2F6-C14C699F2743}.Debug|Any CPU.Build.0 = Debug|Any CPU
		{9CEC7B4B-563C-4516-A2F6-C14C699F2743}.Debug|Mixed Platforms.ActiveCfg = Debug|Any CPU
		{9CEC7B4B-563C-4516-A2F6-C14C699F2743}.Debug|Mixed Platforms.Build.0 = Debug|Any CPU
		{9CEC7B4B-563C-4516-A2F6-C14C699F2743}.Release|Any CPU.ActiveCfg = Release|Any CPU
		{9CEC7B4B-563C-4516-A2F6-C14C699F2743}.Release|Any CPU.Build.0 = Release|Any CPU
		{9CEC7B4B-563C-4516-A2F6-C14C699F2743}.Release|Mixed Platforms.ActiveCfg = Release|Any CPU
		{9CEC7B4B-563C-4516-A2F6-C14C699F2743}.Release|Mixed Platforms.Build.0 = Release|Any CPU
	EndGlobalSection
	GlobalSection(SolutionProperties) = preSolution
		HideSolutionNode = FALSE
	EndGlobalSection
	GlobalSection(NestedProjects) = preSolution
		{A8DEA277-AAFA-4E1E-A043-17C03472B3E4} = {94BD8C5E-6EE9-4444-969C-9EFA2FF0CF3C}
		{3D2B39FE-4E97-4261-85FA-FD4020F32C18} = {C69FDA20-2C11-4B0C-B062-87647DCD469F}
		{8A4C0279-DF94-4DC5-B387-7E3F1171F812} = {C69FDA20-2C11-4B0C-B062-87647DCD469F}
		{E3953B37-DF1E-4BE2-AE69-8B560E5D82F7} = {C69FDA20-2C11-4B0C-B062-87647DCD469F}
		{182DA3DB-E551-4A18-9485-9DED8E748AE2} = {02D2068B-239C-425C-B30A-20F0A15FF678}
		{BB62EEE5-B598-4119-B9C0-FD961A95A393} = {02D2068B-239C-425C-B30A-20F0A15FF678}
		{89733172-7C63-4637-A7BA-A29E6C4340A4} = {02D2068B-239C-425C-B30A-20F0A15FF678}
		{9CEC7B4B-563C-4516-A2F6-C14C699F2743} = {02D2068B-239C-425C-B30A-20F0A15FF678}
	EndGlobalSection
EndGlobal
